
Microsoft Visual Studio Solution File, Format Version 12.00
# Visual Studio 14
VisualStudioVersion = 14.0.24720.0
MinimumVisualStudioVersion = 10.0.40219.1
Project("{FAE04EC0-301F-11D3-BF4B-00C04F79EFBC}") = "WF.ERMT.Application.DataAccess", "WF.ERMT.Application.DataAccess\WF.ERMT.Application.DataAccess.csproj", "{45417212-D3A7-483B-A14D-89679D6A5EDB}"
EndProject
Project("{FAE04EC0-301F-11D3-BF4B-00C04F79EFBC}") = "WF.ERMT.Application.Web", "WF.ERMT.Application.Web\WF.ERMT.Application.Web.csproj", "{7908E43A-81C7-4465-A66A-44C168034816}"
EndProject
Project("{FAE04EC0-301F-11D3-BF4B-00C04F79EFBC}") = "WF.ERMT.Application.Configurations", "WF.ERMT.Application.Configurations\WF.ERMT.Application.Configurations.csproj", "{42D55021-A03A-4314-A3DC-0DEE92633186}"
EndProject
Project("{FAE04EC0-301F-11D3-BF4B-00C04F79EFBC}") = "WF.ERMT.Application.CustomEntities", "WF.ERMT.Application.CustomEntities\WF.ERMT.Application.CustomEntities.csproj", "{0ECD4C28-537D-4B46-BECC-6BC0B765F4AA}"
EndProject
Project("{2150E333-8FDC-42A3-9474-1A3956D46DE8}") = "Web", "Web", "{D8A24500-C7C1-40B7-9C98-A1A51179D9A8}"
EndProject
Project("{2150E333-8FDC-42A3-9474-1A3956D46DE8}") = "DataAccess", "DataAccess", "{FB3941B4-E303-43A8-8809-8F8F1DA247DC}"
EndProject
Project("{2150E333-8FDC-42A3-9474-1A3956D46DE8}") = "Entities", "Entities", "{FD65D2AC-1AA8-4D2A-99EB-062AB8AC2987}"
EndProject
Project("{2150E333-8FDC-42A3-9474-1A3956D46DE8}") = "Core", "Core", "{ADDC27CE-4DDC-4548-B9D5-DA6FFF8FF7A4}"
EndProject
Project("{2150E333-8FDC-42A3-9474-1A3956D46DE8}") = "Configuration", "Configuration", "{CD9A809C-B93B-4553-BBEA-50CC26DF51D6}"
EndProject
Project("{FAE04EC0-301F-11D3-BF4B-00C04F79EFBC}") = "WF.ERMT.Application.Configurations.CommonConfig", "WF.ERMT.Application.Configurations.CommonConfig\WF.ERMT.Application.Configurations.CommonConfig.csproj", "{C781FAC5-86DC-4BB4-874E-32A0751CF041}"
EndProject
Project("{FAE04EC0-301F-11D3-BF4B-00C04F79EFBC}") = "WF.ERMT.Application.Core.Logging", "WF.ERMT.Application.Core.EntLibLogging\WF.ERMT.Application.Core.Logging.csproj", "{B76C4613-B68A-4333-A316-8FED02B7EB68}"
EndProject
Project("{FAE04EC0-301F-11D3-BF4B-00C04F79EFBC}") = "WF.ERMT.Application.Core.Authorization", "WF.ERMT.Application.Core.Authorization1\WF.ERMT.Application.Core.Authorization.csproj", "{791CD0DD-EA81-4253-AEF8-D5D5BB25AE2E}"
EndProject
Project("{2150E333-8FDC-42A3-9474-1A3956D46DE8}") = "Services", "Services", "{24D92A54-77CE-499A-B25D-7E313C4A688E}"
EndProject
Project("{2150E333-8FDC-42A3-9474-1A3956D46DE8}") = "Solution Items", "Solution Items", "{8A5961B8-F0AB-4B6E-A214-C9F4A7CBCB7E}"
	ProjectSection(SolutionItems) = preProject
		Local.testsettings = Local.testsettings
		TraceAndTestImpact.testsettings = TraceAndTestImpact.testsettings
		WF.ERMT.Application2.vsmdi = WF.ERMT.Application2.vsmdi
	EndProjectSection
EndProject
Project("{2150E333-8FDC-42A3-9474-1A3956D46DE8}") = "Business", "Business", "{5F02C222-64F3-41C9-9101-37B10035D5CE}"
EndProject
Project("{FAE04EC0-301F-11D3-BF4B-00C04F79EFBC}") = "WF.ERMT.Application.Business", "WF.ERMT.Application.Business\WF.ERMT.Application.Business.csproj", "{36D1CC7E-47DB-40B7-94BB-EA464E591F9E}"
EndProject
Project("{FAE04EC0-301F-11D3-BF4B-00C04F79EFBC}") = "WF.ERMT.Application.Services.ActionLog", "WF.ERMT.Application.Services.ActionLog\WF.ERMT.Application.Services.ActionLog.csproj", "{0398BFEE-660F-4EAB-8C7A-67B6D5EFA1D2}"
EndProject
Project("{FAE04EC0-301F-11D3-BF4B-00C04F79EFBC}") = "WF.ERMT.Application.Services.PEPDetails", "WF.ERMT.Application.Services.PEPDetails\WF.ERMT.Application.Services.PEPDetails.csproj", "{90A0B40D-8F2F-49FE-9A34-7A67778D5BC7}"
EndProject
Project("{FAE04EC0-301F-11D3-BF4B-00C04F79EFBC}") = "WF.ERMT.Application.Services.UserDetails", "WF.ERMT.Application.Services.UserDetails\WF.ERMT.Application.Services.UserDetails.csproj", "{0AB736AF-731C-4EC7-9232-B8BC032B93BA}"
EndProject
Project("{FAE04EC0-301F-11D3-BF4B-00C04F79EFBC}") = "CommonMasterData", "CommonMasterData\CommonMasterData.csproj", "{10318D34-E56A-4ACF-A4C2-4E5D445596DD}"
EndProject
Project("{FAE04EC0-301F-11D3-BF4B-00C04F79EFBC}") = "WF.ERMT.Application.Core.Interfaces", "WF.ERMT.Application.Core.Interfaces\WF.ERMT.Application.Core.Interfaces.csproj", "{7AB614B6-2AC3-4000-B5D5-D8B8451ABABF}"
EndProject
Project("{FAE04EC0-301F-11D3-BF4B-00C04F79EFBC}") = "WF.ERMT.Application.DataEntities", "WF.ERMT.Application.DataEntities\WF.ERMT.Application.DataEntities.csproj", "{E1B1F2EA-E7A0-4AF9-B4DF-001E18E8D148}"
EndProject
Global
	GlobalSection(SolutionConfigurationPlatforms) = preSolution
		Debug|Any CPU = Debug|Any CPU
		Debug|Mixed Platforms = Debug|Mixed Platforms
		Debug|x86 = Debug|x86
		Release|Any CPU = Release|Any CPU
		Release|Mixed Platforms = Release|Mixed Platforms
		Release|x86 = Release|x86
	EndGlobalSection
	GlobalSection(ProjectConfigurationPlatforms) = postSolution
		{45417212-D3A7-483B-A14D-89679D6A5EDB}.Debug|Any CPU.ActiveCfg = Debug|Any CPU
		{45417212-D3A7-483B-A14D-89679D6A5EDB}.Debug|Any CPU.Build.0 = Debug|Any CPU
		{45417212-D3A7-483B-A14D-89679D6A5EDB}.Debug|Mixed Platforms.ActiveCfg = Debug|Any CPU
		{45417212-D3A7-483B-A14D-89679D6A5EDB}.Debug|Mixed Platforms.Build.0 = Debug|Any CPU
		{45417212-D3A7-483B-A14D-89679D6A5EDB}.Debug|x86.ActiveCfg = Debug|Any CPU
		{45417212-D3A7-483B-A14D-89679D6A5EDB}.Release|Any CPU.ActiveCfg = Release|Any CPU
		{45417212-D3A7-483B-A14D-89679D6A5EDB}.Release|Any CPU.Build.0 = Release|Any CPU
		{45417212-D3A7-483B-A14D-89679D6A5EDB}.Release|Mixed Platforms.ActiveCfg = Release|Any CPU
		{45417212-D3A7-483B-A14D-89679D6A5EDB}.Release|Mixed Platforms.Build.0 = Release|Any CPU
		{45417212-D3A7-483B-A14D-89679D6A5EDB}.Release|x86.ActiveCfg = Release|Any CPU
		{7908E43A-81C7-4465-A66A-44C168034816}.Debug|Any CPU.ActiveCfg = Debug|Any CPU
		{7908E43A-81C7-4465-A66A-44C168034816}.Debug|Any CPU.Build.0 = Debug|Any CPU
		{7908E43A-81C7-4465-A66A-44C168034816}.Debug|Mixed Platforms.ActiveCfg = Debug|Any CPU
		{7908E43A-81C7-4465-A66A-44C168034816}.Debug|Mixed Platforms.Build.0 = Debug|Any CPU
		{7908E43A-81C7-4465-A66A-44C168034816}.Debug|x86.ActiveCfg = Debug|Any CPU
		{7908E43A-81C7-4465-A66A-44C168034816}.Release|Any CPU.ActiveCfg = Release|Any CPU
		{7908E43A-81C7-4465-A66A-44C168034816}.Release|Any CPU.Build.0 = Release|Any CPU
		{7908E43A-81C7-4465-A66A-44C168034816}.Release|Mixed Platforms.ActiveCfg = Release|Any CPU
		{7908E43A-81C7-4465-A66A-44C168034816}.Release|Mixed Platforms.Build.0 = Release|Any CPU
		{7908E43A-81C7-4465-A66A-44C168034816}.Release|x86.ActiveCfg = Release|Any CPU
		{42D55021-A03A-4314-A3DC-0DEE92633186}.Debug|Any CPU.ActiveCfg = Debug|Any CPU
		{42D55021-A03A-4314-A3DC-0DEE92633186}.Debug|Any CPU.Build.0 = Debug|Any CPU
		{42D55021-A03A-4314-A3DC-0DEE92633186}.Debug|Mixed Platforms.ActiveCfg = Debug|Any CPU
		{42D55021-A03A-4314-A3DC-0DEE92633186}.Debug|Mixed Platforms.Build.0 = Debug|Any CPU
		{42D55021-A03A-4314-A3DC-0DEE92633186}.Debug|x86.ActiveCfg = Debug|Any CPU
		{42D55021-A03A-4314-A3DC-0DEE92633186}.Release|Any CPU.ActiveCfg = Release|Any CPU
		{42D55021-A03A-4314-A3DC-0DEE92633186}.Release|Any CPU.Build.0 = Release|Any CPU
		{42D55021-A03A-4314-A3DC-0DEE92633186}.Release|Mixed Platforms.ActiveCfg = Release|Any CPU
		{42D55021-A03A-4314-A3DC-0DEE92633186}.Release|Mixed Platforms.Build.0 = Release|Any CPU
		{42D55021-A03A-4314-A3DC-0DEE92633186}.Release|x86.ActiveCfg = Release|Any CPU
		{0ECD4C28-537D-4B46-BECC-6BC0B765F4AA}.Debug|Any CPU.ActiveCfg = Debug|Any CPU
		{0ECD4C28-537D-4B46-BECC-6BC0B765F4AA}.Debug|Any CPU.Build.0 = Debug|Any CPU
		{0ECD4C28-537D-4B46-BECC-6BC0B765F4AA}.Debug|Mixed Platforms.ActiveCfg = Debug|Any CPU
		{0ECD4C28-537D-4B46-BECC-6BC0B765F4AA}.Debug|Mixed Platforms.Build.0 = Debug|Any CPU
		{0ECD4C28-537D-4B46-BECC-6BC0B765F4AA}.Debug|x86.ActiveCfg = Debug|Any CPU
		{0ECD4C28-537D-4B46-BECC-6BC0B765F4AA}.Release|Any CPU.ActiveCfg = Release|Any CPU
		{0ECD4C28-537D-4B46-BECC-6BC0B765F4AA}.Release|Any CPU.Build.0 = Release|Any CPU
		{0ECD4C28-537D-4B46-BECC-6BC0B765F4AA}.Release|Mixed Platforms.ActiveCfg = Release|Any CPU
		{0ECD4C28-537D-4B46-BECC-6BC0B765F4AA}.Release|Mixed Platforms.Build.0 = Release|Any CPU
		{0ECD4C28-537D-4B46-BECC-6BC0B765F4AA}.Release|x86.ActiveCfg = Release|Any CPU
		{C781FAC5-86DC-4BB4-874E-32A0751CF041}.Debug|Any CPU.ActiveCfg = Debug|Any CPU
		{C781FAC5-86DC-4BB4-874E-32A0751CF041}.Debug|Any CPU.Build.0 = Debug|Any CPU
		{C781FAC5-86DC-4BB4-874E-32A0751CF041}.Debug|Mixed Platforms.ActiveCfg = Debug|Any CPU
		{C781FAC5-86DC-4BB4-874E-32A0751CF041}.Debug|Mixed Platforms.Build.0 = Debug|Any CPU
		{C781FAC5-86DC-4BB4-874E-32A0751CF041}.Debug|x86.ActiveCfg = Debug|Any CPU
		{C781FAC5-86DC-4BB4-874E-32A0751CF041}.Release|Any CPU.ActiveCfg = Release|Any CPU
		{C781FAC5-86DC-4BB4-874E-32A0751CF041}.Release|Any CPU.Build.0 = Release|Any CPU
		{C781FAC5-86DC-4BB4-874E-32A0751CF041}.Release|Mixed Platforms.ActiveCfg = Release|Any CPU
		{C781FAC5-86DC-4BB4-874E-32A0751CF041}.Release|Mixed Platforms.Build.0 = Release|Any CPU
		{C781FAC5-86DC-4BB4-874E-32A0751CF041}.Release|x86.ActiveCfg = Release|Any CPU
		{B76C4613-B68A-4333-A316-8FED02B7EB68}.Debug|Any CPU.ActiveCfg = Debug|Any CPU
		{B76C4613-B68A-4333-A316-8FED02B7EB68}.Debug|Any CPU.Build.0 = Debug|Any CPU
		{B76C4613-B68A-4333-A316-8FED02B7EB68}.Debug|Mixed Platforms.ActiveCfg = Debug|Any CPU
		{B76C4613-B68A-4333-A316-8FED02B7EB68}.Debug|Mixed Platforms.Build.0 = Debug|Any CPU
		{B76C4613-B68A-4333-A316-8FED02B7EB68}.Debug|x86.ActiveCfg = Debug|Any CPU
		{B76C4613-B68A-4333-A316-8FED02B7EB68}.Release|Any CPU.ActiveCfg = Release|Any CPU
		{B76C4613-B68A-4333-A316-8FED02B7EB68}.Release|Any CPU.Build.0 = Release|Any CPU
		{B76C4613-B68A-4333-A316-8FED02B7EB68}.Release|Mixed Platforms.ActiveCfg = Release|Any CPU
		{B76C4613-B68A-4333-A316-8FED02B7EB68}.Release|Mixed Platforms.Build.0 = Release|Any CPU
		{B76C4613-B68A-4333-A316-8FED02B7EB68}.Release|x86.ActiveCfg = Release|Any CPU
		{791CD0DD-EA81-4253-AEF8-D5D5BB25AE2E}.Debug|Any CPU.ActiveCfg = Debug|Any CPU
		{791CD0DD-EA81-4253-AEF8-D5D5BB25AE2E}.Debug|Any CPU.Build.0 = Debug|Any CPU
		{791CD0DD-EA81-4253-AEF8-D5D5BB25AE2E}.Debug|Mixed Platforms.ActiveCfg = Debug|Any CPU
		{791CD0DD-EA81-4253-AEF8-D5D5BB25AE2E}.Debug|Mixed Platforms.Build.0 = Debug|Any CPU
		{791CD0DD-EA81-4253-AEF8-D5D5BB25AE2E}.Debug|x86.ActiveCfg = Debug|Any CPU
		{791CD0DD-EA81-4253-AEF8-D5D5BB25AE2E}.Release|Any CPU.ActiveCfg = Release|Any CPU
		{791CD0DD-EA81-4253-AEF8-D5D5BB25AE2E}.Release|Any CPU.Build.0 = Release|Any CPU
		{791CD0DD-EA81-4253-AEF8-D5D5BB25AE2E}.Release|Mixed Platforms.ActiveCfg = Release|Any CPU
		{791CD0DD-EA81-4253-AEF8-D5D5BB25AE2E}.Release|Mixed Platforms.Build.0 = Release|Any CPU
		{791CD0DD-EA81-4253-AEF8-D5D5BB25AE2E}.Release|x86.ActiveCfg = Release|Any CPU
		{36D1CC7E-47DB-40B7-94BB-EA464E591F9E}.Debug|Any CPU.ActiveCfg = Debug|Any CPU
		{36D1CC7E-47DB-40B7-94BB-EA464E591F9E}.Debug|Any CPU.Build.0 = Debug|Any CPU
		{36D1CC7E-47DB-40B7-94BB-EA464E591F9E}.Debug|Mixed Platforms.ActiveCfg = Debug|Any CPU
		{36D1CC7E-47DB-40B7-94BB-EA464E591F9E}.Debug|Mixed Platforms.Build.0 = Debug|Any CPU
		{36D1CC7E-47DB-40B7-94BB-EA464E591F9E}.Debug|x86.ActiveCfg = Debug|Any CPU
		{36D1CC7E-47DB-40B7-94BB-EA464E591F9E}.Debug|x86.Build.0 = Debug|Any CPU
		{36D1CC7E-47DB-40B7-94BB-EA464E591F9E}.Release|Any CPU.ActiveCfg = Release|Any CPU
		{36D1CC7E-47DB-40B7-94BB-EA464E591F9E}.Release|Any CPU.Build.0 = Release|Any CPU
		{36D1CC7E-47DB-40B7-94BB-EA464E591F9E}.Release|Mixed Platforms.ActiveCfg = Release|Any CPU
		{36D1CC7E-47DB-40B7-94BB-EA464E591F9E}.Release|Mixed Platforms.Build.0 = Release|Any CPU
		{36D1CC7E-47DB-40B7-94BB-EA464E591F9E}.Release|x86.ActiveCfg = Release|Any CPU
		{36D1CC7E-47DB-40B7-94BB-EA464E591F9E}.Release|x86.Build.0 = Release|Any CPU
		{0398BFEE-660F-4EAB-8C7A-67B6D5EFA1D2}.Debug|Any CPU.ActiveCfg = Debug|Any CPU
		{0398BFEE-660F-4EAB-8C7A-67B6D5EFA1D2}.Debug|Any CPU.Build.0 = Debug|Any CPU
		{0398BFEE-660F-4EAB-8C7A-67B6D5EFA1D2}.Debug|Mixed Platforms.ActiveCfg = Debug|Any CPU
		{0398BFEE-660F-4EAB-8C7A-67B6D5EFA1D2}.Debug|Mixed Platforms.Build.0 = Debug|Any CPU
		{0398BFEE-660F-4EAB-8C7A-67B6D5EFA1D2}.Debug|x86.ActiveCfg = Debug|Any CPU
		{0398BFEE-660F-4EAB-8C7A-67B6D5EFA1D2}.Debug|x86.Build.0 = Debug|Any CPU
		{0398BFEE-660F-4EAB-8C7A-67B6D5EFA1D2}.Release|Any CPU.ActiveCfg = Release|Any CPU
		{0398BFEE-660F-4EAB-8C7A-67B6D5EFA1D2}.Release|Any CPU.Build.0 = Release|Any CPU
		{0398BFEE-660F-4EAB-8C7A-67B6D5EFA1D2}.Release|Mixed Platforms.ActiveCfg = Release|Any CPU
		{0398BFEE-660F-4EAB-8C7A-67B6D5EFA1D2}.Release|Mixed Platforms.Build.0 = Release|Any CPU
		{0398BFEE-660F-4EAB-8C7A-67B6D5EFA1D2}.Release|x86.ActiveCfg = Release|Any CPU
		{0398BFEE-660F-4EAB-8C7A-67B6D5EFA1D2}.Release|x86.Build.0 = Release|Any CPU
		{90A0B40D-8F2F-49FE-9A34-7A67778D5BC7}.Debug|Any CPU.ActiveCfg = Debug|Any CPU
		{90A0B40D-8F2F-49FE-9A34-7A67778D5BC7}.Debug|Any CPU.Build.0 = Debug|Any CPU
		{90A0B40D-8F2F-49FE-9A34-7A67778D5BC7}.Debug|Mixed Platforms.ActiveCfg = Debug|Any CPU
		{90A0B40D-8F2F-49FE-9A34-7A67778D5BC7}.Debug|Mixed Platforms.Build.0 = Debug|Any CPU
		{90A0B40D-8F2F-49FE-9A34-7A67778D5BC7}.Debug|x86.ActiveCfg = Debug|Any CPU
		{90A0B40D-8F2F-49FE-9A34-7A67778D5BC7}.Debug|x86.Build.0 = Debug|Any CPU
		{90A0B40D-8F2F-49FE-9A34-7A67778D5BC7}.Release|Any CPU.ActiveCfg = Release|Any CPU
		{90A0B40D-8F2F-49FE-9A34-7A67778D5BC7}.Release|Any CPU.Build.0 = Release|Any CPU
		{90A0B40D-8F2F-49FE-9A34-7A67778D5BC7}.Release|Mixed Platforms.ActiveCfg = Release|Any CPU
		{90A0B40D-8F2F-49FE-9A34-7A67778D5BC7}.Release|Mixed Platforms.Build.0 = Release|Any CPU
		{90A0B40D-8F2F-49FE-9A34-7A67778D5BC7}.Release|x86.ActiveCfg = Release|Any CPU
		{90A0B40D-8F2F-49FE-9A34-7A67778D5BC7}.Release|x86.Build.0 = Release|Any CPU
		{0AB736AF-731C-4EC7-9232-B8BC032B93BA}.Debug|Any CPU.ActiveCfg = Debug|Any CPU
		{0AB736AF-731C-4EC7-9232-B8BC032B93BA}.Debug|Any CPU.Build.0 = Debug|Any CPU
		{0AB736AF-731C-4EC7-9232-B8BC032B93BA}.Debug|Mixed Platforms.ActiveCfg = Debug|Any CPU
		{0AB736AF-731C-4EC7-9232-B8BC032B93BA}.Debug|Mixed Platforms.Build.0 = Debug|Any CPU
		{0AB736AF-731C-4EC7-9232-B8BC032B93BA}.Debug|x86.ActiveCfg = Debug|Any CPU
		{0AB736AF-731C-4EC7-9232-B8BC032B93BA}.Debug|x86.Build.0 = Debug|Any CPU
		{0AB736AF-731C-4EC7-9232-B8BC032B93BA}.Release|Any CPU.ActiveCfg = Release|Any CPU
		{0AB736AF-731C-4EC7-9232-B8BC032B93BA}.Release|Any CPU.Build.0 = Release|Any CPU
		{0AB736AF-731C-4EC7-9232-B8BC032B93BA}.Release|Mixed Platforms.ActiveCfg = Release|Any CPU
		{0AB736AF-731C-4EC7-9232-B8BC032B93BA}.Release|Mixed Platforms.Build.0 = Release|Any CPU
		{0AB736AF-731C-4EC7-9232-B8BC032B93BA}.Release|x86.ActiveCfg = Release|Any CPU
		{0AB736AF-731C-4EC7-9232-B8BC032B93BA}.Release|x86.Build.0 = Release|Any CPU
		{10318D34-E56A-4ACF-A4C2-4E5D445596DD}.Debug|Any CPU.ActiveCfg = Debug|Any CPU
		{10318D34-E56A-4ACF-A4C2-4E5D445596DD}.Debug|Any CPU.Build.0 = Debug|Any CPU
		{10318D34-E56A-4ACF-A4C2-4E5D445596DD}.Debug|Mixed Platforms.ActiveCfg = Debug|Any CPU
		{10318D34-E56A-4ACF-A4C2-4E5D445596DD}.Debug|Mixed Platforms.Build.0 = Debug|Any CPU
		{10318D34-E56A-4ACF-A4C2-4E5D445596DD}.Debug|x86.ActiveCfg = Debug|Any CPU
		{10318D34-E56A-4ACF-A4C2-4E5D445596DD}.Debug|x86.Build.0 = Debug|Any CPU
		{10318D34-E56A-4ACF-A4C2-4E5D445596DD}.Release|Any CPU.ActiveCfg = Release|Any CPU
		{10318D34-E56A-4ACF-A4C2-4E5D445596DD}.Release|Any CPU.Build.0 = Release|Any CPU
		{10318D34-E56A-4ACF-A4C2-4E5D445596DD}.Release|Mixed Platforms.ActiveCfg = Release|Any CPU
		{10318D34-E56A-4ACF-A4C2-4E5D445596DD}.Release|Mixed Platforms.Build.0 = Release|Any CPU
		{10318D34-E56A-4ACF-A4C2-4E5D445596DD}.Release|x86.ActiveCfg = Release|Any CPU
		{10318D34-E56A-4ACF-A4C2-4E5D445596DD}.Release|x86.Build.0 = Release|Any CPU
		{7AB614B6-2AC3-4000-B5D5-D8B8451ABABF}.Debug|Any CPU.ActiveCfg = Debug|Any CPU
		{7AB614B6-2AC3-4000-B5D5-D8B8451ABABF}.Debug|Any CPU.Build.0 = Debug|Any CPU
		{7AB614B6-2AC3-4000-B5D5-D8B8451ABABF}.Debug|Mixed Platforms.ActiveCfg = Debug|Any CPU
		{7AB614B6-2AC3-4000-B5D5-D8B8451ABABF}.Debug|Mixed Platforms.Build.0 = Debug|Any CPU
		{7AB614B6-2AC3-4000-B5D5-D8B8451ABABF}.Debug|x86.ActiveCfg = Debug|Any CPU
		{7AB614B6-2AC3-4000-B5D5-D8B8451ABABF}.Debug|x86.Build.0 = Debug|Any CPU
		{7AB614B6-2AC3-4000-B5D5-D8B8451ABABF}.Release|Any CPU.ActiveCfg = Release|Any CPU
		{7AB614B6-2AC3-4000-B5D5-D8B8451ABABF}.Release|Any CPU.Build.0 = Release|Any CPU
		{7AB614B6-2AC3-4000-B5D5-D8B8451ABABF}.Release|Mixed Platforms.ActiveCfg = Release|Any CPU
		{7AB614B6-2AC3-4000-B5D5-D8B8451ABABF}.Release|Mixed Platforms.Build.0 = Release|Any CPU
		{7AB614B6-2AC3-4000-B5D5-D8B8451ABABF}.Release|x86.ActiveCfg = Release|Any CPU
		{7AB614B6-2AC3-4000-B5D5-D8B8451ABABF}.Release|x86.Build.0 = Release|Any CPU
		{E1B1F2EA-E7A0-4AF9-B4DF-001E18E8D148}.Debug|Any CPU.ActiveCfg = Debug|Any CPU
		{E1B1F2EA-E7A0-4AF9-B4DF-001E18E8D148}.Debug|Any CPU.Build.0 = Debug|Any CPU
		{E1B1F2EA-E7A0-4AF9-B4DF-001E18E8D148}.Debug|Mixed Platforms.ActiveCfg = Debug|Any CPU
		{E1B1F2EA-E7A0-4AF9-B4DF-001E18E8D148}.Debug|Mixed Platforms.Build.0 = Debug|Any CPU
		{E1B1F2EA-E7A0-4AF9-B4DF-001E18E8D148}.Debug|x86.ActiveCfg = Debug|Any CPU
		{E1B1F2EA-E7A0-4AF9-B4DF-001E18E8D148}.Debug|x86.Build.0 = Debug|Any CPU
		{E1B1F2EA-E7A0-4AF9-B4DF-001E18E8D148}.Release|Any CPU.ActiveCfg = Release|Any CPU
		{E1B1F2EA-E7A0-4AF9-B4DF-001E18E8D148}.Release|Any CPU.Build.0 = Release|Any CPU
		{E1B1F2EA-E7A0-4AF9-B4DF-001E18E8D148}.Release|Mixed Platforms.ActiveCfg = Release|Any CPU
		{E1B1F2EA-E7A0-4AF9-B4DF-001E18E8D148}.Release|Mixed Platforms.Build.0 = Release|Any CPU
		{E1B1F2EA-E7A0-4AF9-B4DF-001E18E8D148}.Release|x86.ActiveCfg = Release|Any CPU
		{E1B1F2EA-E7A0-4AF9-B4DF-001E18E8D148}.Release|x86.Build.0 = Release|Any CPU
	EndGlobalSection
	GlobalSection(SolutionProperties) = preSolution
		HideSolutionNode = FALSE
	EndGlobalSection
	GlobalSection(NestedProjects) = preSolution
		{45417212-D3A7-483B-A14D-89679D6A5EDB} = {FB3941B4-E303-43A8-8809-8F8F1DA247DC}
		{7908E43A-81C7-4465-A66A-44C168034816} = {D8A24500-C7C1-40B7-9C98-A1A51179D9A8}
		{42D55021-A03A-4314-A3DC-0DEE92633186} = {CD9A809C-B93B-4553-BBEA-50CC26DF51D6}
		{0ECD4C28-537D-4B46-BECC-6BC0B765F4AA} = {FD65D2AC-1AA8-4D2A-99EB-062AB8AC2987}
		{C781FAC5-86DC-4BB4-874E-32A0751CF041} = {CD9A809C-B93B-4553-BBEA-50CC26DF51D6}
		{B76C4613-B68A-4333-A316-8FED02B7EB68} = {ADDC27CE-4DDC-4548-B9D5-DA6FFF8FF7A4}
		{791CD0DD-EA81-4253-AEF8-D5D5BB25AE2E} = {ADDC27CE-4DDC-4548-B9D5-DA6FFF8FF7A4}
		{36D1CC7E-47DB-40B7-94BB-EA464E591F9E} = {5F02C222-64F3-41C9-9101-37B10035D5CE}
		{0398BFEE-660F-4EAB-8C7A-67B6D5EFA1D2} = {24D92A54-77CE-499A-B25D-7E313C4A688E}
		{90A0B40D-8F2F-49FE-9A34-7A67778D5BC7} = {24D92A54-77CE-499A-B25D-7E313C4A688E}
		{0AB736AF-731C-4EC7-9232-B8BC032B93BA} = {24D92A54-77CE-499A-B25D-7E313C4A688E}
		{10318D34-E56A-4ACF-A4C2-4E5D445596DD} = {24D92A54-77CE-499A-B25D-7E313C4A688E}
		{7AB614B6-2AC3-4000-B5D5-D8B8451ABABF} = {ADDC27CE-4DDC-4548-B9D5-DA6FFF8FF7A4}
		{E1B1F2EA-E7A0-4AF9-B4DF-001E18E8D148} = {FD65D2AC-1AA8-4D2A-99EB-062AB8AC2987}
	EndGlobalSection
	GlobalSection(TeamFoundationVersionControl) = preSolution
		SccNumberOfProjects = 15
		SccEnterpriseProvider = {4CA58AB2-18FA-4F8D-95D4-32DDF27D184C}
		SccTeamFoundationServer = https://tfs.wellsfargo.net/tfs/cps_azure
		SccLocalPath0 = .
		SccProjectUniqueName1 = WF.ERMT.Application.Configurations.CommonConfig\\WF.ERMT.Application.Configurations.CommonConfig.csproj
		SccProjectTopLevelParentUniqueName1 = WF.ERMT.Application.sln
		SccProjectName1 = WF.ERMT.Application.Configurations.CommonConfig
		SccLocalPath1 = WF.ERMT.Application.Configurations.CommonConfig
		SccProjectUniqueName2 = WF.ERMT.Application.Core.Authorization1\\WF.ERMT.Application.Core.Authorization.csproj
		SccProjectTopLevelParentUniqueName2 = WF.ERMT.Application.sln
		SccProjectName2 = WF.ERMT.Application.Core.Authorization1
		SccLocalPath2 = WF.ERMT.Application.Core.Authorization1
		SccProjectUniqueName3 = WF.ERMT.Application.Core.EntLibLogging\\WF.ERMT.Application.Core.Logging.csproj
		SccProjectTopLevelParentUniqueName3 = WF.ERMT.Application.sln
		SccProjectName3 = WF.ERMT.Application.Core.EntLibLogging
		SccLocalPath3 = WF.ERMT.Application.Core.EntLibLogging
		SccProjectUniqueName4 = WF.ERMT.Application.Configurations\\WF.ERMT.Application.Configurations.csproj
		SccProjectTopLevelParentUniqueName4 = WF.ERMT.Application.sln
		SccProjectName4 = WF.ERMT.Application.Configurations
		SccLocalPath4 = WF.ERMT.Application.Configurations
		SccProjectUniqueName5 = WF.ERMT.Application.DataAccess\\WF.ERMT.Application.DataAccess.csproj
		SccProjectTopLevelParentUniqueName5 = WF.ERMT.Application.sln
		SccProjectName5 = WF.ERMT.Application.DataAccess
		SccLocalPath5 = WF.ERMT.Application.DataAccess
		SccProjectUniqueName6 = WF.ERMT.Application.CustomEntities\\WF.ERMT.Application.CustomEntities.csproj
		SccProjectTopLevelParentUniqueName6 = WF.ERMT.Application.sln
		SccProjectName6 = WF.ERMT.Application.CustomEntities
		SccLocalPath6 = WF.ERMT.Application.CustomEntities
		SccProjectUniqueName7 = WF.ERMT.Application.Web\\WF.ERMT.Application.Web.csproj
		SccProjectTopLevelParentUniqueName7 = WF.ERMT.Application.sln
		SccProjectName7 = WF.ERMT.Application.Web
		SccLocalPath7 = WF.ERMT.Application.Web
		SccProjectUniqueName8 = WF.ERMT.Application.Business\\WF.ERMT.Application.Business.csproj
		SccProjectTopLevelParentUniqueName8 = WF.ERMT.Application.sln
		SccProjectName8 = WF.ERMT.Application.Business
		SccLocalPath8 = WF.ERMT.Application.Business
		SccProjectUniqueName9 = WF.ERMT.Application.Services.ActionLog\\WF.ERMT.Application.Services.ActionLog.csproj
		SccProjectTopLevelParentUniqueName9 = WF.ERMT.Application.sln
		SccProjectName9 = WF.ERMT.Application.Services.ActionLog
		SccLocalPath9 = WF.ERMT.Application.Services.ActionLog
		SccProjectUniqueName10 = WF.ERMT.Application.Services.PEPDetails\\WF.ERMT.Application.Services.PEPDetails.csproj
		SccProjectTopLevelParentUniqueName10 = WF.ERMT.Application.sln
		SccProjectName10 = WF.ERMT.Application.Services.PEPDetails
		SccLocalPath10 = WF.ERMT.Application.Services.PEPDetails
		SccProjectUniqueName11 = WF.ERMT.Application.Services.UserDetails\\WF.ERMT.Application.Services.UserDetails.csproj
		SccProjectTopLevelParentUniqueName11 = WF.ERMT.Application.sln
		SccProjectName11 = WF.ERMT.Application.Services.UserDetails
		SccLocalPath11 = WF.ERMT.Application.Services.UserDetails
		SccProjectUniqueName12 = CommonMasterData\\CommonMasterData.csproj
		SccProjectTopLevelParentUniqueName12 = WF.ERMT.Application.sln
		SccProjectName12 = CommonMasterData
		SccLocalPath12 = CommonMasterData
		SccProjectUniqueName13 = WF.ERMT.Application.Core.Interfaces\\WF.ERMT.Application.Core.Interfaces.csproj
		SccProjectTopLevelParentUniqueName13 = WF.ERMT.Application.sln
		SccProjectName13 = WF.ERMT.Application.Core.Interfaces
		SccLocalPath13 = WF.ERMT.Application.Core.Interfaces
		SccProjectUniqueName14 = WF.ERMT.Application.DataEntities\\WF.ERMT.Application.DataEntities.csproj
		SccProjectTopLevelParentUniqueName14 = WF.ERMT.Application.sln
		SccProjectName14 = WF.ERMT.Application.DataEntities
		SccLocalPath14 = WF.ERMT.Application.DataEntities
	EndGlobalSection
	GlobalSection(TestCaseManagementSettings) = postSolution
		CategoryFile = WF.ERMT.Application2.vsmdi
	EndGlobalSection
EndGlobal
